<?xml version="1.0" encoding="utf-8"?>
<Project ToolsVersion="4.0" xmlns="http://schemas.microsoft.com/developer/msbuild/2003">
  <ItemGroup>
    <Filter Include="Source Files">
      <UniqueIdentifier>{4FC737F1-C7A5-4376-A066-2A32D752A2FF}</UniqueIdentifier>
      <Extensions>cpp;c;cc;cxx;def;odl;idl;hpj;bat;asm;asmx</Extensions>
    </Filter>
    <Filter Include="Header Files">
      <UniqueIdentifier>{93995380-89BD-4b04-88EB-625FBE52EBFB}</UniqueIdentifier>
      <Extensions>h;hh;hpp;hxx;hm;inl;inc;xsd</Extensions>
    </Filter>
    <Filter Include="Resource Files">
      <UniqueIdentifier>{67DA6AB6-F800-4c08-8B7A-83BB121AAD01}</UniqueIdentifier>
      <Extensions>rc;ico;cur;bmp;dlg;rc2;rct;bin;rgs;gif;jpg;jpeg;jpe;resx;tiff;tif;png;wav;mfcribbon-ms</Extensions>
    </Filter>
    <Filter Include="Source Files\jogo">
      <UniqueIdentifier>{3484138c-6365-4e88-bc20-5a2d533b8821}</UniqueIdentifier>
    </Filter>
    <Filter Include="Header Files\jogo">
      <UniqueIdentifier>{fd8b2c0d-bdf4-4435-8001-d34e3f3a8785}</UniqueIdentifier>
    </Filter>
    <Filter Include="Source Files\Unidades">
      <UniqueIdentifier>{1c633691-7577-4665-b840-68c97073eb6e}</UniqueIdentifier>
    </Filter>
    <Filter Include="Header Files\Unidades">
      <UniqueIdentifier>{6eeadc82-d398-43b6-971d-d2550f8bf96d}</UniqueIdentifier>
    </Filter>
    <Filter Include="Header Files\Nave">
      <UniqueIdentifier>{297e9059-0c69-41cd-8c92-e0047b0728e9}</UniqueIdentifier>
    </Filter>
    <Filter Include="Source Files\Nave">
      <UniqueIdentifier>{d51f757b-c147-47cb-9d93-dcbeb2ebe2c9}</UniqueIdentifier>
    </Filter>
  </ItemGroup>
  <ItemGroup>
    <ClCompile Include="main.cpp">
      <Filter>Source Files</Filter>
    </ClCompile>
    <ClCompile Include="consola.cpp">
      <Filter>Source Files</Filter>
    </ClCompile>
    <ClCompile Include="exemplo.cpp">
      <Filter>Source Files</Filter>
    </ClCompile>
    <ClCompile Include="desenha.cpp">
      <Filter>Source Files</Filter>
    </ClCompile>
    <ClCompile Include="titulo.cpp">
      <Filter>Source Files</Filter>
    </ClCompile>
    <ClCompile Include="menu.cpp">
      <Filter>Source Files</Filter>
    </ClCompile>
    <ClCompile Include="nave.cpp">
      <Filter>Source Files\jogo</Filter>
    </ClCompile>
    <ClCompile Include="jogo.cpp">
      <Filter>Source Files\jogo</Filter>
    </ClCompile>
    <ClCompile Include="Interface.cpp">
      <Filter>Source Files\jogo</Filter>
    </ClCompile>
    <ClCompile Include="sala.cpp">
      <Filter>Source Files\Nave</Filter>
    </ClCompile>
  </ItemGroup>
  <ItemGroup>
    <ClInclude Include="main.h">
      <Filter>Header Files</Filter>
    </ClInclude>
    <ClInclude Include="consola.h">
      <Filter>Header Files</Filter>
    </ClInclude>
    <ClInclude Include="jogo.h">
      <Filter>Header Files</Filter>
    </ClInclude>
    <ClInclude Include="menu.h">
      <Filter>Header Files</Filter>
    </ClInclude>
    <ClInclude Include="titulo.h">
      <Filter>Header Files</Filter>
    </ClInclude>
    <ClInclude Include="Interface.h">
      <Filter>Header Files</Filter>
    </ClInclude>
    <ClInclude Include="nave.h">
      <Filter>Header Files\jogo</Filter>
    </ClInclude>
    <ClInclude Include="sala.h">
      <Filter>Header Files\Nave</Filter>
    </ClInclude>
  </ItemGroup>
</Project>