
Microsoft Visual Studio Solution File, Format Version 12.00
# Visual Studio 2013
VisualStudioVersion = 12.0.40629.0
MinimumVisualStudioVersion = 10.0.40219.1
Project("{8BC9CEB8-8B4A-11D0-8D11-00A0C91BC942}") = "FTL_POO", "FTL_POO\FTL_POO.vcxproj", "{C0365D37-A607-4706-B3C6-46BBBFB72755}"
EndProject
Global
	GlobalSection(SolutionConfigurationPlatforms) = preSolution
		Debug|Win32 = Debug|Win32
		Release|Win32 = Release|Win32
	EndGlobalSection
	GlobalSection(ProjectConfigurationPlatforms) = postSolution
		{C0365D37-A607-4706-B3C6-46BBBFB72755}.Debug|Win32.ActiveCfg = Debug|Win32
		{C0365D37-A607-4706-B3C6-46BBBFB72755}.Debug|Win32.Build.0 = Debug|Win32
		{C0365D37-A607-4706-B3C6-46BBBFB72755}.Release|Win32.ActiveCfg = Release|Win32
		{C0365D37-A607-4706-B3C6-46BBBFB72755}.Release|Win32.Build.0 = Release|Win32
	EndGlobalSection
	GlobalSection(SolutionProperties) = preSolution
		HideSolutionNode = FALSE
	EndGlobalSection
EndGlobal
